// !$*UTF8*$!
{
	archiveVersion = 1;
	classes = {
	};
	objectVersion = 55;
	objects = {

/* Begin PBXBuildFile section */
		04EAAC4727D3629B00FD3CEC /* Tests_iOS.swift in Sources */ = {isa = PBXBuildFile; fileRef = 04EAAC4627D3629B00FD3CEC /* Tests_iOS.swift */; };
		04EAAC4927D3629B00FD3CEC /* Tests_iOSLaunchTests.swift in Sources */ = {isa = PBXBuildFile; fileRef = 04EAAC4827D3629B00FD3CEC /* Tests_iOSLaunchTests.swift */; };
		04EAAC5327D3629B00FD3CEC /* Tests_macOS.swift in Sources */ = {isa = PBXBuildFile; fileRef = 04EAAC5227D3629B00FD3CEC /* Tests_macOS.swift */; };
		04EAAC5527D3629B00FD3CEC /* Tests_macOSLaunchTests.swift in Sources */ = {isa = PBXBuildFile; fileRef = 04EAAC5427D3629B00FD3CEC /* Tests_macOSLaunchTests.swift */; };
		04EAAC5627D3629B00FD3CEC /* testappApp.swift in Sources */ = {isa = PBXBuildFile; fileRef = 04EAAC2E27D3629900FD3CEC /* testappApp.swift */; };
		04EAAC5727D3629B00FD3CEC /* testappApp.swift in Sources */ = {isa = PBXBuildFile; fileRef = 04EAAC2E27D3629900FD3CEC /* testappApp.swift */; };
		04EAAC5827D3629B00FD3CEC /* ContentView.swift in Sources */ = {isa = PBXBuildFile; fileRef = 04EAAC2F27D3629900FD3CEC /* ContentView.swift */; };
		04EAAC5927D3629B00FD3CEC /* ContentView.swift in Sources */ = {isa = PBXBuildFile; fileRef = 04EAAC2F27D3629900FD3CEC /* ContentView.swift */; };
		04EAAC5A27D3629B00FD3CEC /* Assets.xcassets in Resources */ = {isa = PBXBuildFile; fileRef = 04EAAC3027D3629B00FD3CEC /* Assets.xcassets */; };
		04EAAC5B27D3629B00FD3CEC /* Assets.xcassets in Resources */ = {isa = PBXBuildFile; fileRef = 04EAAC3027D3629B00FD3CEC /* Assets.xcassets */; };
/* End PBXBuildFile section */

/* Begin PBXContainerItemProxy section */
		04EAAC4327D3629B00FD3CEC /* PBXContainerItemProxy */ = {
			isa = PBXContainerItemProxy;
			containerPortal = 04EAAC2927D3629900FD3CEC /* Project object */;
			proxyType = 1;
			remoteGlobalIDString = 04EAAC3427D3629B00FD3CEC;
			remoteInfo = "testapp (iOS)";
		};
		04EAAC4F27D3629B00FD3CEC /* PBXContainerItemProxy */ = {
			isa = PBXContainerItemProxy;
			containerPortal = 04EAAC2927D3629900FD3CEC /* Project object */;
			proxyType = 1;
			remoteGlobalIDString = 04EAAC3A27D3629B00FD3CEC;
			remoteInfo = "testapp (macOS)";
		};
/* End PBXContainerItemProxy section */

/* Begin PBXFileReference section */
		04EAAC2E27D3629900FD3CEC /* testappApp.swift */ = {isa = PBXFileReference; lastKnownFileType = sourcecode.swift; path = testappApp.swift; sourceTree = "<group>"; };
		04EAAC2F27D3629900FD3CEC /* ContentView.swift */ = {isa = PBXFileReference; lastKnownFileType = sourcecode.swift; path = ContentView.swift; sourceTree = "<group>"; };
		04EAAC3027D3629B00FD3CEC /* Assets.xcassets */ = {isa = PBXFileReference; lastKnownFileType = folder.assetcatalog; path = Assets.xcassets; sourceTree = "<group>"; };
		04EAAC3527D3629B00FD3CEC /* testapp.app */ = {isa = PBXFileReference; explicitFileType = wrapper.application; includeInIndex = 0; path = testapp.app; sourceTree = BUILT_PRODUCTS_DIR; };
		04EAAC3B27D3629B00FD3CEC /* testapp.app */ = {isa = PBXFileReference; explicitFileType = wrapper.application; includeInIndex = 0; path = testapp.app; sourceTree = BUILT_PRODUCTS_DIR; };
		04EAAC3D27D3629B00FD3CEC /* macOS.entitlements */ = {isa = PBXFileReference; lastKnownFileType = text.plist.entitlements; path = macOS.entitlements; sourceTree = "<group>"; };
		04EAAC4227D3629B00FD3CEC /* Tests iOS.xctest */ = {isa = PBXFileReference; explicitFileType = wrapper.cfbundle; includeInIndex = 0; path = "Tests iOS.xctest"; sourceTree = BUILT_PRODUCTS_DIR; };
		04EAAC4627D3629B00FD3CEC /* Tests_iOS.swift */ = {isa = PBXFileReference; lastKnownFileType = sourcecode.swift; path = Tests_iOS.swift; sourceTree = "<group>"; };
		04EAAC4827D3629B00FD3CEC /* Tests_iOSLaunchTests.swift */ = {isa = PBXFileReference; lastKnownFileType = sourcecode.swift; path = Tests_iOSLaunchTests.swift; sourceTree = "<group>"; };
		04EAAC4E27D3629B00FD3CEC /* Tests macOS.xctest */ = {isa = PBXFileReference; explicitFileType = wrapper.cfbundle; includeInIndex = 0; path = "Tests macOS.xctest"; sourceTree = BUILT_PRODUCTS_DIR; };
		04EAAC5227D3629B00FD3CEC /* Tests_macOS.swift */ = {isa = PBXFileReference; lastKnownFileType = sourcecode.swift; path = Tests_macOS.swift; sourceTree = "<group>"; };
		04EAAC5427D3629B00FD3CEC /* Tests_macOSLaunchTests.swift */ = {isa = PBXFileReference; lastKnownFileType = sourcecode.swift; path = Tests_macOSLaunchTests.swift; sourceTree = "<group>"; };
/* End PBXFileReference section */

/* Begin PBXFrameworksBuildPhase section */
		04EAAC3227D3629B00FD3CEC /* Frameworks */ = {
			isa = PBXFrameworksBuildPhase;
			buildActionMask = 2147483647;
			files = (
			);
			runOnlyForDeploymentPostprocessing = 0;
		};
		04EAAC3827D3629B00FD3CEC /* Frameworks */ = {
			isa = PBXFrameworksBuildPhase;
			buildActionMask = 2147483647;
			files = (
			);
			runOnlyForDeploymentPostprocessing = 0;
		};
		04EAAC3F27D3629B00FD3CEC /* Frameworks */ = {
			isa = PBXFrameworksBuildPhase;
			buildActionMask = 2147483647;
			files = (
			);
			runOnlyForDeploymentPostprocessing = 0;
		};
		04EAAC4B27D3629B00FD3CEC /* Frameworks */ = {
			isa = PBXFrameworksBuildPhase;
			buildActionMask = 2147483647;
			files = (
			);
			runOnlyForDeploymentPostprocessing = 0;
		};
/* End PBXFrameworksBuildPhase section */

/* Begin PBXGroup section */
		04EAAC2827D3629900FD3CEC = {
			isa = PBXGroup;
			children = (
				04EAAC2D27D3629900FD3CEC /* Shared */,
				04EAAC3C27D3629B00FD3CEC /* macOS */,
				04EAAC4527D3629B00FD3CEC /* Tests iOS */,
				04EAAC5127D3629B00FD3CEC /* Tests macOS */,
				04EAAC3627D3629B00FD3CEC /* Products */,
			);
			sourceTree = "<group>";
		};
		04EAAC2D27D3629900FD3CEC /* Shared */ = {
			isa = PBXGroup;
			children = (
				04EAAC2E27D3629900FD3CEC /* testappApp.swift */,
				04EAAC2F27D3629900FD3CEC /* ContentView.swift */,
				04EAAC3027D3629B00FD3CEC /* Assets.xcassets */,
			);
			path = Shared;
			sourceTree = "<group>";
		};
		04EAAC3627D3629B00FD3CEC /* Products */ = {
			isa = PBXGroup;
			children = (
				04EAAC3527D3629B00FD3CEC /* testapp.app */,
				04EAAC3B27D3629B00FD3CEC /* testapp.app */,
				04EAAC4227D3629B00FD3CEC /* Tests iOS.xctest */,
				04EAAC4E27D3629B00FD3CEC /* Tests macOS.xctest */,
			);
			name = Products;
			sourceTree = "<group>";
		};
		04EAAC3C27D3629B00FD3CEC /* macOS */ = {
			isa = PBXGroup;
			children = (
				04EAAC3D27D3629B00FD3CEC /* macOS.entitlements */,
			);
			path = macOS;
			sourceTree = "<group>";
		};
		04EAAC4527D3629B00FD3CEC /* Tests iOS */ = {
			isa = PBXGroup;
			children = (
				04EAAC4627D3629B00FD3CEC /* Tests_iOS.swift */,
				04EAAC4827D3629B00FD3CEC /* Tests_iOSLaunchTests.swift */,
			);
			path = "Tests iOS";
			sourceTree = "<group>";
		};
		04EAAC5127D3629B00FD3CEC /* Tests macOS */ = {
			isa = PBXGroup;
			children = (
				04EAAC5227D3629B00FD3CEC /* Tests_macOS.swift */,
				04EAAC5427D3629B00FD3CEC /* Tests_macOSLaunchTests.swift */,
			);
			path = "Tests macOS";
			sourceTree = "<group>";
		};
/* End PBXGroup section */

/* Begin PBXNativeTarget section */
		04EAAC3427D3629B00FD3CEC /* testapp (iOS) */ = {
			isa = PBXNativeTarget;
			buildConfigurationList = 04EAAC5E27D3629B00FD3CEC /* Build configuration list for PBXNativeTarget "testapp (iOS)" */;
			buildPhases = (
				04EAAC3127D3629B00FD3CEC /* Sources */,
				04EAAC3227D3629B00FD3CEC /* Frameworks */,
				04EAAC3327D3629B00FD3CEC /* Resources */,
			);
			buildRules = (
			);
			dependencies = (
			);
			name = "testapp (iOS)";
			productName = "testapp (iOS)";
			productReference = 04EAAC3527D3629B00FD3CEC /* testapp.app */;
			productType = "com.apple.product-type.application";
		};
		04EAAC3A27D3629B00FD3CEC /* testapp (macOS) */ = {
			isa = PBXNativeTarget;
			buildConfigurationList = 04EAAC6127D3629B00FD3CEC /* Build configuration list for PBXNativeTarget "testapp (macOS)" */;
			buildPhases = (
				04EAAC3727D3629B00FD3CEC /* Sources */,
				04EAAC3827D3629B00FD3CEC /* Frameworks */,
				04EAAC3927D3629B00FD3CEC /* Resources */,
			);
			buildRules = (
			);
			dependencies = (
			);
			name = "testapp (macOS)";
			productName = "testapp (macOS)";
			productReference = 04EAAC3B27D3629B00FD3CEC /* testapp.app */;
			productType = "com.apple.product-type.application";
		};
		04EAAC4127D3629B00FD3CEC /* Tests iOS */ = {
			isa = PBXNativeTarget;
			buildConfigurationList = 04EAAC6427D3629B00FD3CEC /* Build configuration list for PBXNativeTarget "Tests iOS" */;
			buildPhases = (
				04EAAC3E27D3629B00FD3CEC /* Sources */,
				04EAAC3F27D3629B00FD3CEC /* Frameworks */,
				04EAAC4027D3629B00FD3CEC /* Resources */,
			);
			buildRules = (
			);
			dependencies = (
				04EAAC4427D3629B00FD3CEC /* PBXTargetDependency */,
			);
			name = "Tests iOS";
			productName = "Tests iOS";
			productReference = 04EAAC4227D3629B00FD3CEC /* Tests iOS.xctest */;
			productType = "com.apple.product-type.bundle.ui-testing";
		};
		04EAAC4D27D3629B00FD3CEC /* Tests macOS */ = {
			isa = PBXNativeTarget;
			buildConfigurationList = 04EAAC6727D3629B00FD3CEC /* Build configuration list for PBXNativeTarget "Tests macOS" */;
			buildPhases = (
				04EAAC4A27D3629B00FD3CEC /* Sources */,
				04EAAC4B27D3629B00FD3CEC /* Frameworks */,
				04EAAC4C27D3629B00FD3CEC /* Resources */,
			);
			buildRules = (
			);
			dependencies = (
				04EAAC5027D3629B00FD3CEC /* PBXTargetDependency */,
			);
			name = "Tests macOS";
			productName = "Tests macOS";
			productReference = 04EAAC4E27D3629B00FD3CEC /* Tests macOS.xctest */;
			productType = "com.apple.product-type.bundle.ui-testing";
		};
/* End PBXNativeTarget section */

/* Begin PBXProject section */
		04EAAC2927D3629900FD3CEC /* Project object */ = {
			isa = PBXProject;
			attributes = {
				BuildIndependentTargetsInParallel = 1;
				LastSwiftUpdateCheck = 1330;
				LastUpgradeCheck = 1330;
				TargetAttributes = {
					04EAAC3427D3629B00FD3CEC = {
						CreatedOnToolsVersion = 13.3;
					};
					04EAAC3A27D3629B00FD3CEC = {
						CreatedOnToolsVersion = 13.3;
					};
					04EAAC4127D3629B00FD3CEC = {
						CreatedOnToolsVersion = 13.3;
						TestTargetID = 04EAAC3427D3629B00FD3CEC;
					};
					04EAAC4D27D3629B00FD3CEC = {
						CreatedOnToolsVersion = 13.3;
						TestTargetID = 04EAAC3A27D3629B00FD3CEC;
					};
				};
			};
			buildConfigurationList = 04EAAC2C27D3629900FD3CEC /* Build configuration list for PBXProject "testapp" */;
			compatibilityVersion = "Xcode 13.0";
			developmentRegion = en;
			hasScannedForEncodings = 0;
			knownRegions = (
				en,
				Base,
			);
			mainGroup = 04EAAC2827D3629900FD3CEC;
			productRefGroup = 04EAAC3627D3629B00FD3CEC /* Products */;
			projectDirPath = "";
			projectRoot = "";
			targets = (
				04EAAC3427D3629B00FD3CEC /* testapp (iOS) */,
				04EAAC3A27D3629B00FD3CEC /* testapp (macOS) */,
				04EAAC4127D3629B00FD3CEC /* Tests iOS */,
				04EAAC4D27D3629B00FD3CEC /* Tests macOS */,
			);
		};
/* End PBXProject section */

/* Begin PBXResourcesBuildPhase section */
		04EAAC3327D3629B00FD3CEC /* Resources */ = {
			isa = PBXResourcesBuildPhase;
			buildActionMask = 2147483647;
			files = (
				04EAAC5A27D3629B00FD3CEC /* Assets.xcassets in Resources */,
			);
			runOnlyForDeploymentPostprocessing = 0;
		};
		04EAAC3927D3629B00FD3CEC /* Resources */ = {
			isa = PBXResourcesBuildPhase;
			buildActionMask = 2147483647;
			files = (
				04EAAC5B27D3629B00FD3CEC /* Assets.xcassets in Resources */,
			);
			runOnlyForDeploymentPostprocessing = 0;
		};
		04EAAC4027D3629B00FD3CEC /* Resources */ = {
			isa = PBXResourcesBuildPhase;
			buildActionMask = 2147483647;
			files = (
			);
			runOnlyForDeploymentPostprocessing = 0;
		};
		04EAAC4C27D3629B00FD3CEC /* Resources */ = {
			isa = PBXResourcesBuildPhase;
			buildActionMask = 2147483647;
			files = (
			);
			runOnlyForDeploymentPostprocessing = 0;
		};
/* End PBXResourcesBuildPhase section */

/* Begin PBXSourcesBuildPhase section */
		04EAAC3127D3629B00FD3CEC /* Sources */ = {
			isa = PBXSourcesBuildPhase;
			buildActionMask = 2147483647;
			files = (
				04EAAC5827D3629B00FD3CEC /* ContentView.swift in Sources */,
				04EAAC5627D3629B00FD3CEC /* testappApp.swift in Sources */,
			);
			runOnlyForDeploymentPostprocessing = 0;
		};
		04EAAC3727D3629B00FD3CEC /* Sources */ = {
			isa = PBXSourcesBuildPhase;
			buildActionMask = 2147483647;
			files = (
				04EAAC5927D3629B00FD3CEC /* ContentView.swift in Sources */,
				04EAAC5727D3629B00FD3CEC /* testappApp.swift in Sources */,
			);
			runOnlyForDeploymentPostprocessing = 0;
		};
		04EAAC3E27D3629B00FD3CEC /* Sources */ = {
			isa = PBXSourcesBuildPhase;
			buildActionMask = 2147483647;
			files = (
				04EAAC4927D3629B00FD3CEC /* Tests_iOSLaunchTests.swift in Sources */,
				04EAAC4727D3629B00FD3CEC /* Tests_iOS.swift in Sources */,
			);
			runOnlyForDeploymentPostprocessing = 0;
		};
		04EAAC4A27D3629B00FD3CEC /* Sources */ = {
			isa = PBXSourcesBuildPhase;
			buildActionMask = 2147483647;
			files = (
				04EAAC5527D3629B00FD3CEC /* Tests_macOSLaunchTests.swift in Sources */,
				04EAAC5327D3629B00FD3CEC /* Tests_macOS.swift in Sources */,
			);
			runOnlyForDeploymentPostprocessing = 0;
		};
/* End PBXSourcesBuildPhase section */

/* Begin PBXTargetDependency section */
		04EAAC4427D3629B00FD3CEC /* PBXTargetDependency */ = {
			isa = PBXTargetDependency;
			target = 04EAAC3427D3629B00FD3CEC /* testapp (iOS) */;
			targetProxy = 04EAAC4327D3629B00FD3CEC /* PBXContainerItemProxy */;
		};
		04EAAC5027D3629B00FD3CEC /* PBXTargetDependency */ = {
			isa = PBXTargetDependency;
			target = 04EAAC3A27D3629B00FD3CEC /* testapp (macOS) */;
			targetProxy = 04EAAC4F27D3629B00FD3CEC /* PBXContainerItemProxy */;
		};
/* End PBXTargetDependency section */

/* Begin XCBuildConfiguration section */
		04EAAC5C27D3629B00FD3CEC /* Debug */ = {
			isa = XCBuildConfiguration;
			buildSettings = {
				ALWAYS_SEARCH_USER_PATHS = NO;
				CLANG_ANALYZER_NONNULL = YES;
				CLANG_ANALYZER_NUMBER_OBJECT_CONVERSION = YES_AGGRESSIVE;
				CLANG_CXX_LANGUAGE_STANDARD = "gnu++17";
				CLANG_ENABLE_MODULES = YES;
				CLANG_ENABLE_OBJC_ARC = YES;
				CLANG_ENABLE_OBJC_WEAK = YES;
				CLANG_WARN_BLOCK_CAPTURE_AUTORELEASING = YES;
				CLANG_WARN_BOOL_CONVERSION = YES;
				CLANG_WARN_COMMA = YES;
				CLANG_WARN_CONSTANT_CONVERSION = YES;
				CLANG_WARN_DEPRECATED_OBJC_IMPLEMENTATIONS = YES;
				CLANG_WARN_DIRECT_OBJC_ISA_USAGE = YES_ERROR;
				CLANG_WARN_DOCUMENTATION_COMMENTS = YES;
				CLANG_WARN_EMPTY_BODY = YES;
				CLANG_WARN_ENUM_CONVERSION = YES;
				CLANG_WARN_INFINITE_RECURSION = YES;
				CLANG_WARN_INT_CONVERSION = YES;
				CLANG_WARN_NON_LITERAL_NULL_CONVERSION = YES;
				CLANG_WARN_OBJC_IMPLICIT_RETAIN_SELF = YES;
				CLANG_WARN_OBJC_LITERAL_CONVERSION = YES;
				CLANG_WARN_OBJC_ROOT_CLASS = YES_ERROR;
				CLANG_WARN_QUOTED_INCLUDE_IN_FRAMEWORK_HEADER = YES;
				CLANG_WARN_RANGE_LOOP_ANALYSIS = YES;
				CLANG_WARN_STRICT_PROTOTYPES = YES;
				CLANG_WARN_SUSPICIOUS_MOVE = YES;
				CLANG_WARN_UNGUARDED_AVAILABILITY = YES_AGGRESSIVE;
				CLANG_WARN_UNREACHABLE_CODE = YES;
				CLANG_WARN__DUPLICATE_METHOD_MATCH = YES;
				COPY_PHASE_STRIP = NO;
				DEBUG_INFORMATION_FORMAT = dwarf;
				ENABLE_STRICT_OBJC_MSGSEND = YES;
				ENABLE_TESTABILITY = YES;
				GCC_C_LANGUAGE_STANDARD = gnu11;
				GCC_DYNAMIC_NO_PIC = NO;
				GCC_NO_COMMON_BLOCKS = YES;
				GCC_OPTIMIZATION_LEVEL = 0;
				GCC_PREPROCESSOR_DEFINITIONS = (
					"DEBUG=1",
					"$(inherited)",
				);
				GCC_WARN_64_TO_32_BIT_CONVERSION = YES;
				GCC_WARN_ABOUT_RETURN_TYPE = YES_ERROR;
				GCC_WARN_UNDECLARED_SELECTOR = YES;
				GCC_WARN_UNINITIALIZED_AUTOS = YES_AGGRESSIVE;
				GCC_WARN_UNUSED_FUNCTION = YES;
				GCC_WARN_UNUSED_VARIABLE = YES;
				MTL_ENABLE_DEBUG_INFO = INCLUDE_SOURCE;
				MTL_FAST_MATH = YES;
				ONLY_ACTIVE_ARCH = YES;
				SWIFT_ACTIVE_COMPILATION_CONDITIONS = DEBUG;
				SWIFT_OPTIMIZATION_LEVEL = "-Onone";
			};
			name = Debug;
		};
		04EAAC5D27D3629B00FD3CEC /* Release */ = {
			isa = XCBuildConfiguration;
			buildSettings = {
				ALWAYS_SEARCH_USER_PATHS = NO;
				CLANG_ANALYZER_NONNULL = YES;
				CLANG_ANALYZER_NUMBER_OBJECT_CONVERSION = YES_AGGRESSIVE;
				CLANG_CXX_LANGUAGE_STANDARD = "gnu++17";
				CLANG_ENABLE_MODULES = YES;
				CLANG_ENABLE_OBJC_ARC = YES;
				CLANG_ENABLE_OBJC_WEAK = YES;
				CLANG_WARN_BLOCK_CAPTURE_AUTORELEASING = YES;
				CLANG_WARN_BOOL_CONVERSION = YES;
				CLANG_WARN_COMMA = YES;
				CLANG_WARN_CONSTANT_CONVERSION = YES;
				CLANG_WARN_DEPRECATED_OBJC_IMPLEMENTATIONS = YES;
				CLANG_WARN_DIRECT_OBJC_ISA_USAGE = YES_ERROR;
				CLANG_WARN_DOCUMENTATION_COMMENTS = YES;
				CLANG_WARN_EMPTY_BODY = YES;
				CLANG_WARN_ENUM_CONVERSION = YES;
				CLANG_WARN_INFINITE_RECURSION = YES;
				CLANG_WARN_INT_CONVERSION = YES;
				CLANG_WARN_NON_LITERAL_NULL_CONVERSION = YES;
				CLANG_WARN_OBJC_IMPLICIT_RETAIN_SELF = YES;
				CLANG_WARN_OBJC_LITERAL_CONVERSION = YES;
				CLANG_WARN_OBJC_ROOT_CLASS = YES_ERROR;
				CLANG_WARN_QUOTED_INCLUDE_IN_FRAMEWORK_HEADER = YES;
				CLANG_WARN_RANGE_LOOP_ANALYSIS = YES;
				CLANG_WARN_STRICT_PROTOTYPES = YES;
				CLANG_WARN_SUSPICIOUS_MOVE = YES;
				CLANG_WARN_UNGUARDED_AVAILABILITY = YES_AGGRESSIVE;
				CLANG_WARN_UNREACHABLE_CODE = YES;
				CLANG_WARN__DUPLICATE_METHOD_MATCH = YES;
				COPY_PHASE_STRIP = NO;
				DEBUG_INFORMATION_FORMAT = "dwarf-with-dsym";
				ENABLE_NS_ASSERTIONS = NO;
				ENABLE_STRICT_OBJC_MSGSEND = YES;
				GCC_C_LANGUAGE_STANDARD = gnu11;
				GCC_NO_COMMON_BLOCKS = YES;
				GCC_WARN_64_TO_32_BIT_CONVERSION = YES;
				GCC_WARN_ABOUT_RETURN_TYPE = YES_ERROR;
				GCC_WARN_UNDECLARED_SELECTOR = YES;
				GCC_WARN_UNINITIALIZED_AUTOS = YES_AGGRESSIVE;
				GCC_WARN_UNUSED_FUNCTION = YES;
				GCC_WARN_UNUSED_VARIABLE = YES;
				MTL_ENABLE_DEBUG_INFO = NO;
				MTL_FAST_MATH = YES;
				SWIFT_COMPILATION_MODE = wholemodule;
				SWIFT_OPTIMIZATION_LEVEL = "-O";
			};
			name = Release;
		};
		04EAAC5F27D3629B00FD3CEC /* Debug */ = {
			isa = XCBuildConfiguration;
			buildSettings = {
				ASSETCATALOG_COMPILER_APPICON_NAME = AppIcon;
				ASSETCATALOG_COMPILER_GLOBAL_ACCENT_COLOR_NAME = AccentColor;
				CODE_SIGN_STYLE = Automatic;
				CURRENT_PROJECT_VERSION = 1;
				ENABLE_PREVIEWS = YES;
				GENERATE_INFOPLIST_FILE = YES;
				INFOPLIST_KEY_UIApplicationSceneManifest_Generation = YES;
				INFOPLIST_KEY_UIApplicationSupportsIndirectInputEvents = YES;
				INFOPLIST_KEY_UILaunchScreen_Generation = YES;
				INFOPLIST_KEY_UISupportedInterfaceOrientations_iPad = "UIInterfaceOrientationPortrait UIInterfaceOrientationPortraitUpsideDown UIInterfaceOrientationLandscapeLeft UIInterfaceOrientationLandscapeRight";
				INFOPLIST_KEY_UISupportedInterfaceOrientations_iPhone = "UIInterfaceOrientationPortrait UIInterfaceOrientationLandscapeLeft UIInterfaceOrientationLandscapeRight";
				IPHONEOS_DEPLOYMENT_TARGET = 15.4;
				LD_RUNPATH_SEARCH_PATHS = (
					"$(inherited)",
					"@executable_path/Frameworks",
				);
				MARKETING_VERSION = 1.0;
				PRODUCT_BUNDLE_IDENTIFIER = mugyeol.testapp;
				PRODUCT_NAME = testapp;
				SDKROOT = iphoneos;
				SWIFT_EMIT_LOC_STRINGS = YES;
				SWIFT_VERSION = 5.0;
				TARGETED_DEVICE_FAMILY = "1,2";
			};
			name = Debug;
		};
		04EAAC6027D3629B00FD3CEC /* Release */ = {
			isa = XCBuildConfiguration;
			buildSettings = {
				ASSETCATALOG_COMPILER_APPICON_NAME = AppIcon;
				ASSETCATALOG_COMPILER_GLOBAL_ACCENT_COLOR_NAME = AccentColor;
				CODE_SIGN_STYLE = Automatic;
				CURRENT_PROJECT_VERSION = 1;
				ENABLE_PREVIEWS = YES;
				GENERATE_INFOPLIST_FILE = YES;
				INFOPLIST_KEY_UIApplicationSceneManifest_Generation = YES;
				INFOPLIST_KEY_UIApplicationSupportsIndirectInputEvents = YES;
				INFOPLIST_KEY_UILaunchScreen_Generation = YES;
				INFOPLIST_KEY_UISupportedInterfaceOrientations_iPad = "UIInterfaceOrientationPortrait UIInterfaceOrientationPortraitUpsideDown UIInterfaceOrientationLandscapeLeft UIInterfaceOrientationLandscapeRight";
				INFOPLIST_KEY_UISupportedInterfaceOrientations_iPhone = "UIInterfaceOrientationPortrait UIInterfaceOrientationLandscapeLeft UIInterfaceOrientationLandscapeRight";
				IPHONEOS_DEPLOYMENT_TARGET = 15.4;
				LD_RUNPATH_SEARCH_PATHS = (
					"$(inherited)",
					"@executable_path/Frameworks",
				);
				MARKETING_VERSION = 1.0;
				PRODUCT_BUNDLE_IDENTIFIER = mugyeol.testapp;
				PRODUCT_NAME = testapp;
				SDKROOT = iphoneos;
				SWIFT_EMIT_LOC_STRINGS = YES;
				SWIFT_VERSION = 5.0;
				TARGETED_DEVICE_FAMILY = "1,2";
				VALIDATE_PRODUCT = YES;
			};
			name = Release;
		};
		04EAAC6227D3629B00FD3CEC /* Debug */ = {
			isa = XCBuildConfiguration;
			buildSettings = {
				ASSETCATALOG_COMPILER_APPICON_NAME = AppIcon;
				ASSETCATALOG_COMPILER_GLOBAL_ACCENT_COLOR_NAME = AccentColor;
				CODE_SIGN_ENTITLEMENTS = macOS/macOS.entitlements;
				CODE_SIGN_STYLE = Automatic;
				COMBINE_HIDPI_IMAGES = YES;
				CURRENT_PROJECT_VERSION = 1;
				ENABLE_PREVIEWS = YES;
				GENERATE_INFOPLIST_FILE = YES;
				INFOPLIST_KEY_NSHumanReadableCopyright = "";
				LD_RUNPATH_SEARCH_PATHS = (
					"$(inherited)",
					"@executable_path/../Frameworks",
				);
				MACOSX_DEPLOYMENT_TARGET = 12.2;
				MARKETING_VERSION = 1.0;
				PRODUCT_BUNDLE_IDENTIFIER = mugyeol.testapp;
				PRODUCT_NAME = testapp;
				SDKROOT = macosx;
				SWIFT_EMIT_LOC_STRINGS = YES;
				SWIFT_VERSION = 5.0;
			};
			name = Debug;
		};
		04EAAC6327D3629B00FD3CEC /* Release */ = {
			isa = XCBuildConfiguration;
			buildSettings = {
				ASSETCATALOG_COMPILER_APPICON_NAME = AppIcon;
				ASSETCATALOG_COMPILER_GLOBAL_ACCENT_COLOR_NAME = AccentColor;
				CODE_SIGN_ENTITLEMENTS = macOS/macOS.entitlements;
				CODE_SIGN_STYLE = Automatic;
				COMBINE_HIDPI_IMAGES = YES;
				CURRENT_PROJECT_VERSION = 1;
				ENABLE_PREVIEWS = YES;
				GENERATE_INFOPLIST_FILE = YES;
				INFOPLIST_KEY_NSHumanReadableCopyright = "";
				LD_RUNPATH_SEARCH_PATHS = (
					"$(inherited)",
					"@executable_path/../Frameworks",
				);
				MACOSX_DEPLOYMENT_TARGET = 12.2;
				MARKETING_VERSION = 1.0;
				PRODUCT_BUNDLE_IDENTIFIER = mugyeol.testapp;
				PRODUCT_NAME = testapp;
				SDKROOT = macosx;
				SWIFT_EMIT_LOC_STRINGS = YES;
				SWIFT_VERSION = 5.0;
			};
			name = Release;
		};
		04EAAC6527D3629B00FD3CEC /* Debug */ = {
			isa = XCBuildConfiguration;
			buildSettings = {
				ALWAYS_EMBED_SWIFT_STANDARD_LIBRARIES = YES;
				CODE_SIGN_STYLE = Automatic;
				CURRENT_PROJECT_VERSION = 1;
				GENERATE_INFOPLIST_FILE = YES;
				IPHONEOS_DEPLOYMENT_TARGET = 15.4;
				MARKETING_VERSION = 1.0;
				PRODUCT_BUNDLE_IDENTIFIER = "mugyeol.Tests-iOS";
				PRODUCT_NAME = "$(TARGET_NAME)";
				SDKROOT = iphoneos;
				SWIFT_EMIT_LOC_STRINGS = NO;
				SWIFT_VERSION = 5.0;
				TARGETED_DEVICE_FAMILY = "1,2";
				TEST_TARGET_NAME = "testapp (iOS)";
			};
			name = Debug;
		};
		04EAAC6627D3629B00FD3CEC /* Release */ = {
			isa = XCBuildConfiguration;
			buildSettings = {
				ALWAYS_EMBED_SWIFT_STANDARD_LIBRARIES = YES;
				CODE_SIGN_STYLE = Automatic;
				CURRENT_PROJECT_VERSION = 1;
				GENERATE_INFOPLIST_FILE = YES;
				IPHONEOS_DEPLOYMENT_TARGET = 15.4;
				MARKETING_VERSION = 1.0;
				PRODUCT_BUNDLE_IDENTIFIER = "mugyeol.Tests-iOS";
				PRODUCT_NAME = "$(TARGET_NAME)";
				SDKROOT = iphoneos;
				SWIFT_EMIT_LOC_STRINGS = NO;
				SWIFT_VERSION = 5.0;
				TARGETED_DEVICE_FAMILY = "1,2";
				TEST_TARGET_NAME = "testapp (iOS)";
				VALIDATE_PRODUCT = YES;
			};
			name = Release;
		};
		04EAAC6827D3629B00FD3CEC /* Debug */ = {
			isa = XCBuildConfiguration;
			buildSettings = {
				ALWAYS_EMBED_SWIFT_STANDARD_LIBRARIES = YES;
				CODE_SIGN_STYLE = Automatic;
				CURRENT_PROJECT_VERSION = 1;
				GENERATE_INFOPLIST_FILE = YES;
				MACOSX_DEPLOYMENT_TARGET = 12.2;
				MARKETING_VERSION = 1.0;
				PRODUCT_BUNDLE_IDENTIFIER = "mugyeol.Tests-macOS";
				PRODUCT_NAME = "$(TARGET_NAME)";
				SDKROOT = macosx;
				SWIFT_EMIT_LOC_STRINGS = NO;
				SWIFT_VERSION = 5.0;
				TEST_TARGET_NAME = "testapp (macOS)";
			};
			name = Debug;
		};
		04EAAC6927D3629B00FD3CEC /* Release */ = {
			isa = XCBuildConfiguration;
			buildSettings = {
				ALWAYS_EMBED_SWIFT_STANDARD_LIBRARIES = YES;
				CODE_SIGN_STYLE = Automatic;
				CURRENT_PROJECT_VERSION = 1;
				GENERATE_INFOPLIST_FILE = YES;
				MACOSX_DEPLOYMENT_TARGET = 12.2;
				MARKETING_VERSION = 1.0;
				PRODUCT_BUNDLE_IDENTIFIER = "mugyeol.Tests-macOS";
				PRODUCT_NAME = "$(TARGET_NAME)";
				SDKROOT = macosx;
				SWIFT_EMIT_LOC_STRINGS = NO;
				SWIFT_VERSION = 5.0;
				TEST_TARGET_NAME = "testapp (macOS)";
			};
			name = Release;
		};
/* End XCBuildConfiguration section */

/* Begin XCConfigurationList section */
		04EAAC2C27D3629900FD3CEC /* Build configuration list for PBXProject "testapp" */ = {
			isa = XCConfigurationList;
			buildConfigurations = (
				04EAAC5C27D3629B00FD3CEC /* Debug */,
				04EAAC5D27D3629B00FD3CEC /* Release */,
			);
			defaultConfigurationIsVisible = 0;
			defaultConfigurationName = Release;
		};
		04EAAC5E27D3629B00FD3CEC /* Build configuration list for PBXNativeTarget "testapp (iOS)" */ = {
			isa = XCConfigurationList;
			buildConfigurations = (
				04EAAC5F27D3629B00FD3CEC /* Debug */,
				04EAAC6027D3629B00FD3CEC /* Release */,
			);
			defaultConfigurationIsVisible = 0;
			defaultConfigurationName = Release;
		};
		04EAAC6127D3629B00FD3CEC /* Build configuration list for PBXNativeTarget "testapp (macOS)" */ = {
			isa = XCConfigurationList;
			buildConfigurations = (
				04EAAC6227D3629B00FD3CEC /* Debug */,
				04EAAC6327D3629B00FD3CEC /* Release */,
			);
			defaultConfigurationIsVisible = 0;
			defaultConfigurationName = Release;
		};
		04EAAC6427D3629B00FD3CEC /* Build configuration list for PBXNativeTarget "Tests iOS" */ = {
			isa = XCConfigurationList;
			buildConfigurations = (
				04EAAC6527D3629B00FD3CEC /* Debug */,
				04EAAC6627D3629B00FD3CEC /* Release */,
			);
			defaultConfigurationIsVisible = 0;
			defaultConfigurationName = Release;
		};
		04EAAC6727D3629B00FD3CEC /* Build configuration list for PBXNativeTarget "Tests macOS" */ = {
			isa = XCConfigurationList;
			buildConfigurations = (
				04EAAC6827D3629B00FD3CEC /* Debug */,
				04EAAC6927D3629B00FD3CEC /* Release */,
			);
			defaultConfigurationIsVisible = 0;
			defaultConfigurationName = Release;
		};
/* End XCConfigurationList section */
	};
	rootObject = 04EAAC2927D3629900FD3CEC /* Project object */;
}
