// !$*UTF8*$!
{
	archiveVersion = 1;
	classes = {
	};
	objectVersion = 55;
	objects = {

/* Begin PBXBuildFile section */
		04CB17EA282B9C160079751A /* Tests_iOS.swift in Sources */ = {isa = PBXBuildFile; fileRef = 04CB17E9282B9C160079751A /* Tests_iOS.swift */; };
		04CB17EC282B9C160079751A /* Tests_iOSLaunchTests.swift in Sources */ = {isa = PBXBuildFile; fileRef = 04CB17EB282B9C160079751A /* Tests_iOSLaunchTests.swift */; };
		04CB17F6282B9C160079751A /* Tests_macOS.swift in Sources */ = {isa = PBXBuildFile; fileRef = 04CB17F5282B9C160079751A /* Tests_macOS.swift */; };
		04CB17F8282B9C160079751A /* Tests_macOSLaunchTests.swift in Sources */ = {isa = PBXBuildFile; fileRef = 04CB17F7282B9C160079751A /* Tests_macOSLaunchTests.swift */; };
		04CB17F9282B9C160079751A /* chat_socketApp.swift in Sources */ = {isa = PBXBuildFile; fileRef = 04CB17D1282B9C140079751A /* chat_socketApp.swift */; };
		04CB17FA282B9C160079751A /* chat_socketApp.swift in Sources */ = {isa = PBXBuildFile; fileRef = 04CB17D1282B9C140079751A /* chat_socketApp.swift */; };
		04CB17FB282B9C160079751A /* ContentView.swift in Sources */ = {isa = PBXBuildFile; fileRef = 04CB17D2282B9C140079751A /* ContentView.swift */; };
		04CB17FC282B9C160079751A /* ContentView.swift in Sources */ = {isa = PBXBuildFile; fileRef = 04CB17D2282B9C140079751A /* ContentView.swift */; };
		04CB17FD282B9C160079751A /* Assets.xcassets in Resources */ = {isa = PBXBuildFile; fileRef = 04CB17D3282B9C160079751A /* Assets.xcassets */; };
		04CB17FE282B9C160079751A /* Assets.xcassets in Resources */ = {isa = PBXBuildFile; fileRef = 04CB17D3282B9C160079751A /* Assets.xcassets */; };
/* End PBXBuildFile section */

/* Begin PBXContainerItemProxy section */
		04CB17E6282B9C160079751A /* PBXContainerItemProxy */ = {
			isa = PBXContainerItemProxy;
			containerPortal = 04CB17CC282B9C140079751A /* Project object */;
			proxyType = 1;
			remoteGlobalIDString = 04CB17D7282B9C160079751A;
			remoteInfo = "chat_socket (iOS)";
		};
		04CB17F2282B9C160079751A /* PBXContainerItemProxy */ = {
			isa = PBXContainerItemProxy;
			containerPortal = 04CB17CC282B9C140079751A /* Project object */;
			proxyType = 1;
			remoteGlobalIDString = 04CB17DD282B9C160079751A;
			remoteInfo = "chat_socket (macOS)";
		};
/* End PBXContainerItemProxy section */

/* Begin PBXFileReference section */
		04CB17D1282B9C140079751A /* chat_socketApp.swift */ = {isa = PBXFileReference; lastKnownFileType = sourcecode.swift; path = chat_socketApp.swift; sourceTree = "<group>"; };
		04CB17D2282B9C140079751A /* ContentView.swift */ = {isa = PBXFileReference; lastKnownFileType = sourcecode.swift; path = ContentView.swift; sourceTree = "<group>"; };
		04CB17D3282B9C160079751A /* Assets.xcassets */ = {isa = PBXFileReference; lastKnownFileType = folder.assetcatalog; path = Assets.xcassets; sourceTree = "<group>"; };
		04CB17D8282B9C160079751A /* chat_socket.app */ = {isa = PBXFileReference; explicitFileType = wrapper.application; includeInIndex = 0; path = chat_socket.app; sourceTree = BUILT_PRODUCTS_DIR; };
		04CB17DE282B9C160079751A /* chat_socket.app */ = {isa = PBXFileReference; explicitFileType = wrapper.application; includeInIndex = 0; path = chat_socket.app; sourceTree = BUILT_PRODUCTS_DIR; };
		04CB17E0282B9C160079751A /* macOS.entitlements */ = {isa = PBXFileReference; lastKnownFileType = text.plist.entitlements; path = macOS.entitlements; sourceTree = "<group>"; };
		04CB17E5282B9C160079751A /* Tests iOS.xctest */ = {isa = PBXFileReference; explicitFileType = wrapper.cfbundle; includeInIndex = 0; path = "Tests iOS.xctest"; sourceTree = BUILT_PRODUCTS_DIR; };
		04CB17E9282B9C160079751A /* Tests_iOS.swift */ = {isa = PBXFileReference; lastKnownFileType = sourcecode.swift; path = Tests_iOS.swift; sourceTree = "<group>"; };
		04CB17EB282B9C160079751A /* Tests_iOSLaunchTests.swift */ = {isa = PBXFileReference; lastKnownFileType = sourcecode.swift; path = Tests_iOSLaunchTests.swift; sourceTree = "<group>"; };
		04CB17F1282B9C160079751A /* Tests macOS.xctest */ = {isa = PBXFileReference; explicitFileType = wrapper.cfbundle; includeInIndex = 0; path = "Tests macOS.xctest"; sourceTree = BUILT_PRODUCTS_DIR; };
		04CB17F5282B9C160079751A /* Tests_macOS.swift */ = {isa = PBXFileReference; lastKnownFileType = sourcecode.swift; path = Tests_macOS.swift; sourceTree = "<group>"; };
		04CB17F7282B9C160079751A /* Tests_macOSLaunchTests.swift */ = {isa = PBXFileReference; lastKnownFileType = sourcecode.swift; path = Tests_macOSLaunchTests.swift; sourceTree = "<group>"; };
/* End PBXFileReference section */

/* Begin PBXFrameworksBuildPhase section */
		04CB17D5282B9C160079751A /* Frameworks */ = {
			isa = PBXFrameworksBuildPhase;
			buildActionMask = 2147483647;
			files = (
			);
			runOnlyForDeploymentPostprocessing = 0;
		};
		04CB17DB282B9C160079751A /* Frameworks */ = {
			isa = PBXFrameworksBuildPhase;
			buildActionMask = 2147483647;
			files = (
			);
			runOnlyForDeploymentPostprocessing = 0;
		};
		04CB17E2282B9C160079751A /* Frameworks */ = {
			isa = PBXFrameworksBuildPhase;
			buildActionMask = 2147483647;
			files = (
			);
			runOnlyForDeploymentPostprocessing = 0;
		};
		04CB17EE282B9C160079751A /* Frameworks */ = {
			isa = PBXFrameworksBuildPhase;
			buildActionMask = 2147483647;
			files = (
			);
			runOnlyForDeploymentPostprocessing = 0;
		};
/* End PBXFrameworksBuildPhase section */

/* Begin PBXGroup section */
		04CB17CB282B9C140079751A = {
			isa = PBXGroup;
			children = (
				04CB17D0282B9C140079751A /* Shared */,
				04CB17DF282B9C160079751A /* macOS */,
				04CB17E8282B9C160079751A /* Tests iOS */,
				04CB17F4282B9C160079751A /* Tests macOS */,
				04CB17D9282B9C160079751A /* Products */,
			);
			sourceTree = "<group>";
		};
		04CB17D0282B9C140079751A /* Shared */ = {
			isa = PBXGroup;
			children = (
				04CB17D1282B9C140079751A /* chat_socketApp.swift */,
				04CB17D2282B9C140079751A /* ContentView.swift */,
				04CB17D3282B9C160079751A /* Assets.xcassets */,
			);
			path = Shared;
			sourceTree = "<group>";
		};
		04CB17D9282B9C160079751A /* Products */ = {
			isa = PBXGroup;
			children = (
				04CB17D8282B9C160079751A /* chat_socket.app */,
				04CB17DE282B9C160079751A /* chat_socket.app */,
				04CB17E5282B9C160079751A /* Tests iOS.xctest */,
				04CB17F1282B9C160079751A /* Tests macOS.xctest */,
			);
			name = Products;
			sourceTree = "<group>";
		};
		04CB17DF282B9C160079751A /* macOS */ = {
			isa = PBXGroup;
			children = (
				04CB17E0282B9C160079751A /* macOS.entitlements */,
			);
			path = macOS;
			sourceTree = "<group>";
		};
		04CB17E8282B9C160079751A /* Tests iOS */ = {
			isa = PBXGroup;
			children = (
				04CB17E9282B9C160079751A /* Tests_iOS.swift */,
				04CB17EB282B9C160079751A /* Tests_iOSLaunchTests.swift */,
			);
			path = "Tests iOS";
			sourceTree = "<group>";
		};
		04CB17F4282B9C160079751A /* Tests macOS */ = {
			isa = PBXGroup;
			children = (
				04CB17F5282B9C160079751A /* Tests_macOS.swift */,
				04CB17F7282B9C160079751A /* Tests_macOSLaunchTests.swift */,
			);
			path = "Tests macOS";
			sourceTree = "<group>";
		};
/* End PBXGroup section */

/* Begin PBXNativeTarget section */
		04CB17D7282B9C160079751A /* chat_socket (iOS) */ = {
			isa = PBXNativeTarget;
			buildConfigurationList = 04CB1801282B9C160079751A /* Build configuration list for PBXNativeTarget "chat_socket (iOS)" */;
			buildPhases = (
				04CB17D4282B9C160079751A /* Sources */,
				04CB17D5282B9C160079751A /* Frameworks */,
				04CB17D6282B9C160079751A /* Resources */,
			);
			buildRules = (
			);
			dependencies = (
			);
			name = "chat_socket (iOS)";
			productName = "chat_socket (iOS)";
			productReference = 04CB17D8282B9C160079751A /* chat_socket.app */;
			productType = "com.apple.product-type.application";
		};
		04CB17DD282B9C160079751A /* chat_socket (macOS) */ = {
			isa = PBXNativeTarget;
			buildConfigurationList = 04CB1804282B9C160079751A /* Build configuration list for PBXNativeTarget "chat_socket (macOS)" */;
			buildPhases = (
				04CB17DA282B9C160079751A /* Sources */,
				04CB17DB282B9C160079751A /* Frameworks */,
				04CB17DC282B9C160079751A /* Resources */,
			);
			buildRules = (
			);
			dependencies = (
			);
			name = "chat_socket (macOS)";
			productName = "chat_socket (macOS)";
			productReference = 04CB17DE282B9C160079751A /* chat_socket.app */;
			productType = "com.apple.product-type.application";
		};
		04CB17E4282B9C160079751A /* Tests iOS */ = {
			isa = PBXNativeTarget;
			buildConfigurationList = 04CB1807282B9C160079751A /* Build configuration list for PBXNativeTarget "Tests iOS" */;
			buildPhases = (
				04CB17E1282B9C160079751A /* Sources */,
				04CB17E2282B9C160079751A /* Frameworks */,
				04CB17E3282B9C160079751A /* Resources */,
			);
			buildRules = (
			);
			dependencies = (
				04CB17E7282B9C160079751A /* PBXTargetDependency */,
			);
			name = "Tests iOS";
			productName = "Tests iOS";
			productReference = 04CB17E5282B9C160079751A /* Tests iOS.xctest */;
			productType = "com.apple.product-type.bundle.ui-testing";
		};
		04CB17F0282B9C160079751A /* Tests macOS */ = {
			isa = PBXNativeTarget;
			buildConfigurationList = 04CB180A282B9C160079751A /* Build configuration list for PBXNativeTarget "Tests macOS" */;
			buildPhases = (
				04CB17ED282B9C160079751A /* Sources */,
				04CB17EE282B9C160079751A /* Frameworks */,
				04CB17EF282B9C160079751A /* Resources */,
			);
			buildRules = (
			);
			dependencies = (
				04CB17F3282B9C160079751A /* PBXTargetDependency */,
			);
			name = "Tests macOS";
			productName = "Tests macOS";
			productReference = 04CB17F1282B9C160079751A /* Tests macOS.xctest */;
			productType = "com.apple.product-type.bundle.ui-testing";
		};
/* End PBXNativeTarget section */

/* Begin PBXProject section */
		04CB17CC282B9C140079751A /* Project object */ = {
			isa = PBXProject;
			attributes = {
				BuildIndependentTargetsInParallel = 1;
				LastSwiftUpdateCheck = 1330;
				LastUpgradeCheck = 1330;
				TargetAttributes = {
					04CB17D7282B9C160079751A = {
						CreatedOnToolsVersion = 13.3;
					};
					04CB17DD282B9C160079751A = {
						CreatedOnToolsVersion = 13.3;
					};
					04CB17E4282B9C160079751A = {
						CreatedOnToolsVersion = 13.3;
						TestTargetID = 04CB17D7282B9C160079751A;
					};
					04CB17F0282B9C160079751A = {
						CreatedOnToolsVersion = 13.3;
						TestTargetID = 04CB17DD282B9C160079751A;
					};
				};
			};
			buildConfigurationList = 04CB17CF282B9C140079751A /* Build configuration list for PBXProject "chat_socket" */;
			compatibilityVersion = "Xcode 13.0";
			developmentRegion = en;
			hasScannedForEncodings = 0;
			knownRegions = (
				en,
				Base,
			);
			mainGroup = 04CB17CB282B9C140079751A;
			productRefGroup = 04CB17D9282B9C160079751A /* Products */;
			projectDirPath = "";
			projectRoot = "";
			targets = (
				04CB17D7282B9C160079751A /* chat_socket (iOS) */,
				04CB17DD282B9C160079751A /* chat_socket (macOS) */,
				04CB17E4282B9C160079751A /* Tests iOS */,
				04CB17F0282B9C160079751A /* Tests macOS */,
			);
		};
/* End PBXProject section */

/* Begin PBXResourcesBuildPhase section */
		04CB17D6282B9C160079751A /* Resources */ = {
			isa = PBXResourcesBuildPhase;
			buildActionMask = 2147483647;
			files = (
				04CB17FD282B9C160079751A /* Assets.xcassets in Resources */,
			);
			runOnlyForDeploymentPostprocessing = 0;
		};
		04CB17DC282B9C160079751A /* Resources */ = {
			isa = PBXResourcesBuildPhase;
			buildActionMask = 2147483647;
			files = (
				04CB17FE282B9C160079751A /* Assets.xcassets in Resources */,
			);
			runOnlyForDeploymentPostprocessing = 0;
		};
		04CB17E3282B9C160079751A /* Resources */ = {
			isa = PBXResourcesBuildPhase;
			buildActionMask = 2147483647;
			files = (
			);
			runOnlyForDeploymentPostprocessing = 0;
		};
		04CB17EF282B9C160079751A /* Resources */ = {
			isa = PBXResourcesBuildPhase;
			buildActionMask = 2147483647;
			files = (
			);
			runOnlyForDeploymentPostprocessing = 0;
		};
/* End PBXResourcesBuildPhase section */

/* Begin PBXSourcesBuildPhase section */
		04CB17D4282B9C160079751A /* Sources */ = {
			isa = PBXSourcesBuildPhase;
			buildActionMask = 2147483647;
			files = (
				04CB17FB282B9C160079751A /* ContentView.swift in Sources */,
				04CB17F9282B9C160079751A /* chat_socketApp.swift in Sources */,
			);
			runOnlyForDeploymentPostprocessing = 0;
		};
		04CB17DA282B9C160079751A /* Sources */ = {
			isa = PBXSourcesBuildPhase;
			buildActionMask = 2147483647;
			files = (
				04CB17FC282B9C160079751A /* ContentView.swift in Sources */,
				04CB17FA282B9C160079751A /* chat_socketApp.swift in Sources */,
			);
			runOnlyForDeploymentPostprocessing = 0;
		};
		04CB17E1282B9C160079751A /* Sources */ = {
			isa = PBXSourcesBuildPhase;
			buildActionMask = 2147483647;
			files = (
				04CB17EC282B9C160079751A /* Tests_iOSLaunchTests.swift in Sources */,
				04CB17EA282B9C160079751A /* Tests_iOS.swift in Sources */,
			);
			runOnlyForDeploymentPostprocessing = 0;
		};
		04CB17ED282B9C160079751A /* Sources */ = {
			isa = PBXSourcesBuildPhase;
			buildActionMask = 2147483647;
			files = (
				04CB17F8282B9C160079751A /* Tests_macOSLaunchTests.swift in Sources */,
				04CB17F6282B9C160079751A /* Tests_macOS.swift in Sources */,
			);
			runOnlyForDeploymentPostprocessing = 0;
		};
/* End PBXSourcesBuildPhase section */

/* Begin PBXTargetDependency section */
		04CB17E7282B9C160079751A /* PBXTargetDependency */ = {
			isa = PBXTargetDependency;
			target = 04CB17D7282B9C160079751A /* chat_socket (iOS) */;
			targetProxy = 04CB17E6282B9C160079751A /* PBXContainerItemProxy */;
		};
		04CB17F3282B9C160079751A /* PBXTargetDependency */ = {
			isa = PBXTargetDependency;
			target = 04CB17DD282B9C160079751A /* chat_socket (macOS) */;
			targetProxy = 04CB17F2282B9C160079751A /* PBXContainerItemProxy */;
		};
/* End PBXTargetDependency section */

/* Begin XCBuildConfiguration section */
		04CB17FF282B9C160079751A /* Debug */ = {
			isa = XCBuildConfiguration;
			buildSettings = {
				ALWAYS_SEARCH_USER_PATHS = NO;
				CLANG_ANALYZER_NONNULL = YES;
				CLANG_ANALYZER_NUMBER_OBJECT_CONVERSION = YES_AGGRESSIVE;
				CLANG_CXX_LANGUAGE_STANDARD = "gnu++17";
				CLANG_ENABLE_MODULES = YES;
				CLANG_ENABLE_OBJC_ARC = YES;
				CLANG_ENABLE_OBJC_WEAK = YES;
				CLANG_WARN_BLOCK_CAPTURE_AUTORELEASING = YES;
				CLANG_WARN_BOOL_CONVERSION = YES;
				CLANG_WARN_COMMA = YES;
				CLANG_WARN_CONSTANT_CONVERSION = YES;
				CLANG_WARN_DEPRECATED_OBJC_IMPLEMENTATIONS = YES;
				CLANG_WARN_DIRECT_OBJC_ISA_USAGE = YES_ERROR;
				CLANG_WARN_DOCUMENTATION_COMMENTS = YES;
				CLANG_WARN_EMPTY_BODY = YES;
				CLANG_WARN_ENUM_CONVERSION = YES;
				CLANG_WARN_INFINITE_RECURSION = YES;
				CLANG_WARN_INT_CONVERSION = YES;
				CLANG_WARN_NON_LITERAL_NULL_CONVERSION = YES;
				CLANG_WARN_OBJC_IMPLICIT_RETAIN_SELF = YES;
				CLANG_WARN_OBJC_LITERAL_CONVERSION = YES;
				CLANG_WARN_OBJC_ROOT_CLASS = YES_ERROR;
				CLANG_WARN_QUOTED_INCLUDE_IN_FRAMEWORK_HEADER = YES;
				CLANG_WARN_RANGE_LOOP_ANALYSIS = YES;
				CLANG_WARN_STRICT_PROTOTYPES = YES;
				CLANG_WARN_SUSPICIOUS_MOVE = YES;
				CLANG_WARN_UNGUARDED_AVAILABILITY = YES_AGGRESSIVE;
				CLANG_WARN_UNREACHABLE_CODE = YES;
				CLANG_WARN__DUPLICATE_METHOD_MATCH = YES;
				COPY_PHASE_STRIP = NO;
				DEBUG_INFORMATION_FORMAT = dwarf;
				ENABLE_STRICT_OBJC_MSGSEND = YES;
				ENABLE_TESTABILITY = YES;
				GCC_C_LANGUAGE_STANDARD = gnu11;
				GCC_DYNAMIC_NO_PIC = NO;
				GCC_NO_COMMON_BLOCKS = YES;
				GCC_OPTIMIZATION_LEVEL = 0;
				GCC_PREPROCESSOR_DEFINITIONS = (
					"DEBUG=1",
					"$(inherited)",
				);
				GCC_WARN_64_TO_32_BIT_CONVERSION = YES;
				GCC_WARN_ABOUT_RETURN_TYPE = YES_ERROR;
				GCC_WARN_UNDECLARED_SELECTOR = YES;
				GCC_WARN_UNINITIALIZED_AUTOS = YES_AGGRESSIVE;
				GCC_WARN_UNUSED_FUNCTION = YES;
				GCC_WARN_UNUSED_VARIABLE = YES;
				MTL_ENABLE_DEBUG_INFO = INCLUDE_SOURCE;
				MTL_FAST_MATH = YES;
				ONLY_ACTIVE_ARCH = YES;
				SWIFT_ACTIVE_COMPILATION_CONDITIONS = DEBUG;
				SWIFT_OPTIMIZATION_LEVEL = "-Onone";
			};
			name = Debug;
		};
		04CB1800282B9C160079751A /* Release */ = {
			isa = XCBuildConfiguration;
			buildSettings = {
				ALWAYS_SEARCH_USER_PATHS = NO;
				CLANG_ANALYZER_NONNULL = YES;
				CLANG_ANALYZER_NUMBER_OBJECT_CONVERSION = YES_AGGRESSIVE;
				CLANG_CXX_LANGUAGE_STANDARD = "gnu++17";
				CLANG_ENABLE_MODULES = YES;
				CLANG_ENABLE_OBJC_ARC = YES;
				CLANG_ENABLE_OBJC_WEAK = YES;
				CLANG_WARN_BLOCK_CAPTURE_AUTORELEASING = YES;
				CLANG_WARN_BOOL_CONVERSION = YES;
				CLANG_WARN_COMMA = YES;
				CLANG_WARN_CONSTANT_CONVERSION = YES;
				CLANG_WARN_DEPRECATED_OBJC_IMPLEMENTATIONS = YES;
				CLANG_WARN_DIRECT_OBJC_ISA_USAGE = YES_ERROR;
				CLANG_WARN_DOCUMENTATION_COMMENTS = YES;
				CLANG_WARN_EMPTY_BODY = YES;
				CLANG_WARN_ENUM_CONVERSION = YES;
				CLANG_WARN_INFINITE_RECURSION = YES;
				CLANG_WARN_INT_CONVERSION = YES;
				CLANG_WARN_NON_LITERAL_NULL_CONVERSION = YES;
				CLANG_WARN_OBJC_IMPLICIT_RETAIN_SELF = YES;
				CLANG_WARN_OBJC_LITERAL_CONVERSION = YES;
				CLANG_WARN_OBJC_ROOT_CLASS = YES_ERROR;
				CLANG_WARN_QUOTED_INCLUDE_IN_FRAMEWORK_HEADER = YES;
				CLANG_WARN_RANGE_LOOP_ANALYSIS = YES;
				CLANG_WARN_STRICT_PROTOTYPES = YES;
				CLANG_WARN_SUSPICIOUS_MOVE = YES;
				CLANG_WARN_UNGUARDED_AVAILABILITY = YES_AGGRESSIVE;
				CLANG_WARN_UNREACHABLE_CODE = YES;
				CLANG_WARN__DUPLICATE_METHOD_MATCH = YES;
				COPY_PHASE_STRIP = NO;
				DEBUG_INFORMATION_FORMAT = "dwarf-with-dsym";
				ENABLE_NS_ASSERTIONS = NO;
				ENABLE_STRICT_OBJC_MSGSEND = YES;
				GCC_C_LANGUAGE_STANDARD = gnu11;
				GCC_NO_COMMON_BLOCKS = YES;
				GCC_WARN_64_TO_32_BIT_CONVERSION = YES;
				GCC_WARN_ABOUT_RETURN_TYPE = YES_ERROR;
				GCC_WARN_UNDECLARED_SELECTOR = YES;
				GCC_WARN_UNINITIALIZED_AUTOS = YES_AGGRESSIVE;
				GCC_WARN_UNUSED_FUNCTION = YES;
				GCC_WARN_UNUSED_VARIABLE = YES;
				MTL_ENABLE_DEBUG_INFO = NO;
				MTL_FAST_MATH = YES;
				SWIFT_COMPILATION_MODE = wholemodule;
				SWIFT_OPTIMIZATION_LEVEL = "-O";
			};
			name = Release;
		};
		04CB1802282B9C160079751A /* Debug */ = {
			isa = XCBuildConfiguration;
			buildSettings = {
				ASSETCATALOG_COMPILER_APPICON_NAME = AppIcon;
				ASSETCATALOG_COMPILER_GLOBAL_ACCENT_COLOR_NAME = AccentColor;
				CODE_SIGN_STYLE = Automatic;
				CURRENT_PROJECT_VERSION = 1;
				ENABLE_PREVIEWS = YES;
				GENERATE_INFOPLIST_FILE = YES;
				INFOPLIST_KEY_UIApplicationSceneManifest_Generation = YES;
				INFOPLIST_KEY_UIApplicationSupportsIndirectInputEvents = YES;
				INFOPLIST_KEY_UILaunchScreen_Generation = YES;
				INFOPLIST_KEY_UISupportedInterfaceOrientations_iPad = "UIInterfaceOrientationPortrait UIInterfaceOrientationPortraitUpsideDown UIInterfaceOrientationLandscapeLeft UIInterfaceOrientationLandscapeRight";
				INFOPLIST_KEY_UISupportedInterfaceOrientations_iPhone = "UIInterfaceOrientationPortrait UIInterfaceOrientationLandscapeLeft UIInterfaceOrientationLandscapeRight";
				IPHONEOS_DEPLOYMENT_TARGET = 15.4;
				LD_RUNPATH_SEARCH_PATHS = (
					"$(inherited)",
					"@executable_path/Frameworks",
				);
				MARKETING_VERSION = 1.0;
				PRODUCT_BUNDLE_IDENTIFIER = "mugyeol.chat-socket";
				PRODUCT_NAME = chat_socket;
				SDKROOT = iphoneos;
				SWIFT_EMIT_LOC_STRINGS = YES;
				SWIFT_VERSION = 5.0;
				TARGETED_DEVICE_FAMILY = "1,2";
			};
			name = Debug;
		};
		04CB1803282B9C160079751A /* Release */ = {
			isa = XCBuildConfiguration;
			buildSettings = {
				ASSETCATALOG_COMPILER_APPICON_NAME = AppIcon;
				ASSETCATALOG_COMPILER_GLOBAL_ACCENT_COLOR_NAME = AccentColor;
				CODE_SIGN_STYLE = Automatic;
				CURRENT_PROJECT_VERSION = 1;
				ENABLE_PREVIEWS = YES;
				GENERATE_INFOPLIST_FILE = YES;
				INFOPLIST_KEY_UIApplicationSceneManifest_Generation = YES;
				INFOPLIST_KEY_UIApplicationSupportsIndirectInputEvents = YES;
				INFOPLIST_KEY_UILaunchScreen_Generation = YES;
				INFOPLIST_KEY_UISupportedInterfaceOrientations_iPad = "UIInterfaceOrientationPortrait UIInterfaceOrientationPortraitUpsideDown UIInterfaceOrientationLandscapeLeft UIInterfaceOrientationLandscapeRight";
				INFOPLIST_KEY_UISupportedInterfaceOrientations_iPhone = "UIInterfaceOrientationPortrait UIInterfaceOrientationLandscapeLeft UIInterfaceOrientationLandscapeRight";
				IPHONEOS_DEPLOYMENT_TARGET = 15.4;
				LD_RUNPATH_SEARCH_PATHS = (
					"$(inherited)",
					"@executable_path/Frameworks",
				);
				MARKETING_VERSION = 1.0;
				PRODUCT_BUNDLE_IDENTIFIER = "mugyeol.chat-socket";
				PRODUCT_NAME = chat_socket;
				SDKROOT = iphoneos;
				SWIFT_EMIT_LOC_STRINGS = YES;
				SWIFT_VERSION = 5.0;
				TARGETED_DEVICE_FAMILY = "1,2";
				VALIDATE_PRODUCT = YES;
			};
			name = Release;
		};
		04CB1805282B9C160079751A /* Debug */ = {
			isa = XCBuildConfiguration;
			buildSettings = {
				ASSETCATALOG_COMPILER_APPICON_NAME = AppIcon;
				ASSETCATALOG_COMPILER_GLOBAL_ACCENT_COLOR_NAME = AccentColor;
				CODE_SIGN_ENTITLEMENTS = macOS/macOS.entitlements;
				CODE_SIGN_STYLE = Automatic;
				COMBINE_HIDPI_IMAGES = YES;
				CURRENT_PROJECT_VERSION = 1;
				ENABLE_PREVIEWS = YES;
				GENERATE_INFOPLIST_FILE = YES;
				INFOPLIST_KEY_NSHumanReadableCopyright = "";
				LD_RUNPATH_SEARCH_PATHS = (
					"$(inherited)",
					"@executable_path/../Frameworks",
				);
				MACOSX_DEPLOYMENT_TARGET = 12.3;
				MARKETING_VERSION = 1.0;
				PRODUCT_BUNDLE_IDENTIFIER = "mugyeol.chat-socket";
				PRODUCT_NAME = chat_socket;
				SDKROOT = macosx;
				SWIFT_EMIT_LOC_STRINGS = YES;
				SWIFT_VERSION = 5.0;
			};
			name = Debug;
		};
		04CB1806282B9C160079751A /* Release */ = {
			isa = XCBuildConfiguration;
			buildSettings = {
				ASSETCATALOG_COMPILER_APPICON_NAME = AppIcon;
				ASSETCATALOG_COMPILER_GLOBAL_ACCENT_COLOR_NAME = AccentColor;
				CODE_SIGN_ENTITLEMENTS = macOS/macOS.entitlements;
				CODE_SIGN_STYLE = Automatic;
				COMBINE_HIDPI_IMAGES = YES;
				CURRENT_PROJECT_VERSION = 1;
				ENABLE_PREVIEWS = YES;
				GENERATE_INFOPLIST_FILE = YES;
				INFOPLIST_KEY_NSHumanReadableCopyright = "";
				LD_RUNPATH_SEARCH_PATHS = (
					"$(inherited)",
					"@executable_path/../Frameworks",
				);
				MACOSX_DEPLOYMENT_TARGET = 12.3;
				MARKETING_VERSION = 1.0;
				PRODUCT_BUNDLE_IDENTIFIER = "mugyeol.chat-socket";
				PRODUCT_NAME = chat_socket;
				SDKROOT = macosx;
				SWIFT_EMIT_LOC_STRINGS = YES;
				SWIFT_VERSION = 5.0;
			};
			name = Release;
		};
		04CB1808282B9C160079751A /* Debug */ = {
			isa = XCBuildConfiguration;
			buildSettings = {
				ALWAYS_EMBED_SWIFT_STANDARD_LIBRARIES = YES;
				CODE_SIGN_STYLE = Automatic;
				CURRENT_PROJECT_VERSION = 1;
				GENERATE_INFOPLIST_FILE = YES;
				IPHONEOS_DEPLOYMENT_TARGET = 15.4;
				MARKETING_VERSION = 1.0;
				PRODUCT_BUNDLE_IDENTIFIER = "mugyeol.Tests-iOS";
				PRODUCT_NAME = "$(TARGET_NAME)";
				SDKROOT = iphoneos;
				SWIFT_EMIT_LOC_STRINGS = NO;
				SWIFT_VERSION = 5.0;
				TARGETED_DEVICE_FAMILY = "1,2";
				TEST_TARGET_NAME = "chat_socket (iOS)";
			};
			name = Debug;
		};
		04CB1809282B9C160079751A /* Release */ = {
			isa = XCBuildConfiguration;
			buildSettings = {
				ALWAYS_EMBED_SWIFT_STANDARD_LIBRARIES = YES;
				CODE_SIGN_STYLE = Automatic;
				CURRENT_PROJECT_VERSION = 1;
				GENERATE_INFOPLIST_FILE = YES;
				IPHONEOS_DEPLOYMENT_TARGET = 15.4;
				MARKETING_VERSION = 1.0;
				PRODUCT_BUNDLE_IDENTIFIER = "mugyeol.Tests-iOS";
				PRODUCT_NAME = "$(TARGET_NAME)";
				SDKROOT = iphoneos;
				SWIFT_EMIT_LOC_STRINGS = NO;
				SWIFT_VERSION = 5.0;
				TARGETED_DEVICE_FAMILY = "1,2";
				TEST_TARGET_NAME = "chat_socket (iOS)";
				VALIDATE_PRODUCT = YES;
			};
			name = Release;
		};
		04CB180B282B9C160079751A /* Debug */ = {
			isa = XCBuildConfiguration;
			buildSettings = {
				ALWAYS_EMBED_SWIFT_STANDARD_LIBRARIES = YES;
				CODE_SIGN_STYLE = Automatic;
				CURRENT_PROJECT_VERSION = 1;
				GENERATE_INFOPLIST_FILE = YES;
				MACOSX_DEPLOYMENT_TARGET = 12.3;
				MARKETING_VERSION = 1.0;
				PRODUCT_BUNDLE_IDENTIFIER = "mugyeol.Tests-macOS";
				PRODUCT_NAME = "$(TARGET_NAME)";
				SDKROOT = macosx;
				SWIFT_EMIT_LOC_STRINGS = NO;
				SWIFT_VERSION = 5.0;
				TEST_TARGET_NAME = "chat_socket (macOS)";
			};
			name = Debug;
		};
		04CB180C282B9C160079751A /* Release */ = {
			isa = XCBuildConfiguration;
			buildSettings = {
				ALWAYS_EMBED_SWIFT_STANDARD_LIBRARIES = YES;
				CODE_SIGN_STYLE = Automatic;
				CURRENT_PROJECT_VERSION = 1;
				GENERATE_INFOPLIST_FILE = YES;
				MACOSX_DEPLOYMENT_TARGET = 12.3;
				MARKETING_VERSION = 1.0;
				PRODUCT_BUNDLE_IDENTIFIER = "mugyeol.Tests-macOS";
				PRODUCT_NAME = "$(TARGET_NAME)";
				SDKROOT = macosx;
				SWIFT_EMIT_LOC_STRINGS = NO;
				SWIFT_VERSION = 5.0;
				TEST_TARGET_NAME = "chat_socket (macOS)";
			};
			name = Release;
		};
/* End XCBuildConfiguration section */

/* Begin XCConfigurationList section */
		04CB17CF282B9C140079751A /* Build configuration list for PBXProject "chat_socket" */ = {
			isa = XCConfigurationList;
			buildConfigurations = (
				04CB17FF282B9C160079751A /* Debug */,
				04CB1800282B9C160079751A /* Release */,
			);
			defaultConfigurationIsVisible = 0;
			defaultConfigurationName = Release;
		};
		04CB1801282B9C160079751A /* Build configuration list for PBXNativeTarget "chat_socket (iOS)" */ = {
			isa = XCConfigurationList;
			buildConfigurations = (
				04CB1802282B9C160079751A /* Debug */,
				04CB1803282B9C160079751A /* Release */,
			);
			defaultConfigurationIsVisible = 0;
			defaultConfigurationName = Release;
		};
		04CB1804282B9C160079751A /* Build configuration list for PBXNativeTarget "chat_socket (macOS)" */ = {
			isa = XCConfigurationList;
			buildConfigurations = (
				04CB1805282B9C160079751A /* Debug */,
				04CB1806282B9C160079751A /* Release */,
			);
			defaultConfigurationIsVisible = 0;
			defaultConfigurationName = Release;
		};
		04CB1807282B9C160079751A /* Build configuration list for PBXNativeTarget "Tests iOS" */ = {
			isa = XCConfigurationList;
			buildConfigurations = (
				04CB1808282B9C160079751A /* Debug */,
				04CB1809282B9C160079751A /* Release */,
			);
			defaultConfigurationIsVisible = 0;
			defaultConfigurationName = Release;
		};
		04CB180A282B9C160079751A /* Build configuration list for PBXNativeTarget "Tests macOS" */ = {
			isa = XCConfigurationList;
			buildConfigurations = (
				04CB180B282B9C160079751A /* Debug */,
				04CB180C282B9C160079751A /* Release */,
			);
			defaultConfigurationIsVisible = 0;
			defaultConfigurationName = Release;
		};
/* End XCConfigurationList section */
	};
	rootObject = 04CB17CC282B9C140079751A /* Project object */;
}
